
Microsoft Visual Studio Solution File, Format Version 12.00
# Visual Studio Version 17
VisualStudioVersion = 17.8.34316.72
MinimumVisualStudioVersion = 10.0.40219.1
Project("{FAE04EC0-301F-11D3-BF4B-00C04F79EFBC}") = "Yazlab_1", "Yazlab_1\Yazlab_1.csproj", "{D739F0A8-DC89-484B-AE5B-10CF5F7DBBA2}"
EndProject
Global
	GlobalSection(SolutionConfigurationPlatforms) = preSolution
		Debug|Any CPU = Debug|Any CPU
		Release|Any CPU = Release|Any CPU
	EndGlobalSection
	GlobalSection(ProjectConfigurationPlatforms) = postSolution
		{D739F0A8-DC89-484B-AE5B-10CF5F7DBBA2}.Debug|Any CPU.ActiveCfg = Debug|Any CPU
		{D739F0A8-DC89-484B-AE5B-10CF5F7DBBA2}.Debug|Any CPU.Build.0 = Debug|Any CPU
		{D739F0A8-DC89-484B-AE5B-10CF5F7DBBA2}.Release|Any CPU.ActiveCfg = Release|Any CPU
		{D739F0A8-DC89-484B-AE5B-10CF5F7DBBA2}.Release|Any CPU.Build.0 = Release|Any CPU
	EndGlobalSection
	GlobalSection(SolutionProperties) = preSolution
		HideSolutionNode = FALSE
	EndGlobalSection
	GlobalSection(ExtensibilityGlobals) = postSolution
		SolutionGuid = {CE702A65-61BA-4BD2-BFBA-C77505376D3A}
	EndGlobalSection
EndGlobal
